github.com/urfave/cli/v3 v3.0.0-alpha9 h1:P0RMy5fQm1AslQS+XCmy9UknDXctOmG/q/FZkUFnJSo=
github.com/urfave/cli/v3 v3.0.0-alpha9/go.mod h1:0kK/RUFHyh+yIKSfWxwheGndfnrvYSmYFVeKCh03ZUc=
github.com/xrash/smetrics v0.0.0-20231213231151-1d8dd44e695e h1:+SOyEddqYF09QP7vr7CgJ1eti3pY9Fn3LHO1M1r/0sI=
github.com/xrash/smetrics v0.0.0-20231213231151-1d8dd44e695e/go.mod h1:N3UwUGtsrSj3ccvlPHLoLsHnpR27oXr4ZE984MbSER8=
